
Microsoft Visual Studio Solution File, Format Version 12.00
# Visual Studio Version 17
VisualStudioVersion = 17.1.32210.238
MinimumVisualStudioVersion = 10.0.40219.1
Project("{FAE04EC0-301F-11D3-BF4B-00C04F79EFBC}") = "EmployeeWageProOops", "EmployeeWageProOops\EmployeeWageProOops.csproj", "{23D204A8-D735-4858-936B-B86B7477B35F}"
EndProject
Global
	GlobalSection(SolutionConfigurationPlatforms) = preSolution
		Debug|Any CPU = Debug|Any CPU
		Release|Any CPU = Release|Any CPU
	EndGlobalSection
	GlobalSection(ProjectConfigurationPlatforms) = postSolution
		{23D204A8-D735-4858-936B-B86B7477B35F}.Debug|Any CPU.ActiveCfg = Debug|Any CPU
		{23D204A8-D735-4858-936B-B86B7477B35F}.Debug|Any CPU.Build.0 = Debug|Any CPU
		{23D204A8-D735-4858-936B-B86B7477B35F}.Release|Any CPU.ActiveCfg = Release|Any CPU
		{23D204A8-D735-4858-936B-B86B7477B35F}.Release|Any CPU.Build.0 = Release|Any CPU
	EndGlobalSection
	GlobalSection(SolutionProperties) = preSolution
		HideSolutionNode = FALSE
	EndGlobalSection
	GlobalSection(ExtensibilityGlobals) = postSolution
		SolutionGuid = {86E19A9E-D3AF-471C-8CBB-668103CF1CA0}
	EndGlobalSection
EndGlobal
